// !$*UTF8*$!
{
	archiveVersion = 1;
	classes = {
	};
	objectVersion = 77;
	objects = {

/* Begin PBXBuildFile section */
		B10000122F894F890037539B /* PhishGuardTextMessageFilterExtension.appex in Embed App Extensions */ = {isa = PBXBuildFile; fileRef = B100000A2F894F890037539B /* PhishGuardTextMessageFilterExtension.appex */; settings = {ATTRIBUTES = (RemoveHeadersOnCopy, ); }; };
/* End PBXBuildFile section */

/* Begin PBXContainerItemProxy section */
		8F1000072F894F890037539B /* PBXContainerItemProxy */ = {
			isa = PBXContainerItemProxy;
			containerPortal = 77F626E22F894F890037539B /* Project object */;
			proxyType = 1;
			remoteGlobalIDString = 77F626E92F894F890037539B;
			remoteInfo = PhishGuard;
		};
		B10000112F894F890037539B /* PBXContainerItemProxy */ = {
			isa = PBXContainerItemProxy;
			containerPortal = 77F626E22F894F890037539B /* Project object */;
			proxyType = 1;
			remoteGlobalIDString = B100000D2F894F890037539B;
			remoteInfo = PhishGuardTextMessageFilterExtension;
		};
/* End PBXContainerItemProxy section */

/* Begin PBXCopyFilesBuildPhase section */
		B10000132F894F890037539B /* Embed App Extensions */ = {
			isa = PBXCopyFilesBuildPhase;
			buildActionMask = 2147483647;
			dstPath = "";
			dstSubfolderSpec = 13;
			files = (
				B10000122F894F890037539B /* PhishGuardTextMessageFilterExtension.appex in Embed App Extensions */,
			);
			name = "Embed App Extensions";
			runOnlyForDeploymentPostprocessing = 0;
		};
/* End PBXCopyFilesBuildPhase section */

/* Begin PBXFileReference section */
		77F626EA2F894F890037539B /* PhishGuard.app */ = {isa = PBXFileReference; explicitFileType = wrapper.application; includeInIndex = 0; path = PhishGuard.app; sourceTree = BUILT_PRODUCTS_DIR; };
		8F1000012F894F890037539B /* PhishGuardTests.xctest */ = {isa = PBXFileReference; explicitFileType = wrapper.cfbundle; includeInIndex = 0; path = PhishGuardTests.xctest; sourceTree = BUILT_PRODUCTS_DIR; };
		A10000032F894F890037539B /* PhishGuard/Services/SLM/PhishingDetector.mlpackage */ = {isa = PBXFileReference; lastKnownFileType = wrapper.mlpackage; path = PhishGuard/Services/SLM/PhishingDetector.mlpackage; sourceTree = SOURCE_ROOT; };
		A10000042F894F890037539B /* PhishGuard/Services/SLM/tokenizer.json */ = {isa = PBXFileReference; lastKnownFileType = text.json; path = PhishGuard/Services/SLM/tokenizer.json; sourceTree = SOURCE_ROOT; };
		B100000A2F894F890037539B /* PhishGuardTextMessageFilterExtension.appex */ = {isa = PBXFileReference; explicitFileType = "wrapper.app-extension"; includeInIndex = 0; path = PhishGuardTextMessageFilterExtension.appex; sourceTree = BUILT_PRODUCTS_DIR; };
/* End PBXFileReference section */

/* Begin PBXFileSystemSynchronizedBuildFileExceptionSet section */
		DF3D81662FA58FD100B54F24 /* Exceptions for "PhishGuard" folder in "PhishGuardTextMessageFilterExtension" target */ = {
			isa = PBXFileSystemSynchronizedBuildFileExceptionSet;
			membershipExceptions = (
				Services/TextMessages/TextMessageModels.swift,
				Services/TextMessages/TextMessageSharedStore.swift,
			);
			target = B100000D2F894F890037539B /* PhishGuardTextMessageFilterExtension */;
		};
/* End PBXFileSystemSynchronizedBuildFileExceptionSet section */

/* Begin PBXFileSystemSynchronizedRootGroup section */
		77F626EC2F894F890037539B /* PhishGuard */ = {
			isa = PBXFileSystemSynchronizedRootGroup;
			exceptions = (
				DF3D81662FA58FD100B54F24 /* Exceptions for "PhishGuard" folder in "PhishGuardTextMessageFilterExtension" target */,
			);
			path = PhishGuard;
			sourceTree = "<group>";
		};
		8F1000022F894F890037539B /* PhishGuardTests */ = {
			isa = PBXFileSystemSynchronizedRootGroup;
			path = PhishGuardTests;
			sourceTree = "<group>";
		};
		B100000B2F894F890037539B /* PhishGuardTextMessageFilterExtension */ = {
			isa = PBXFileSystemSynchronizedRootGroup;
			path = PhishGuardTextMessageFilterExtension;
			sourceTree = "<group>";
		};
/* End PBXFileSystemSynchronizedRootGroup section */

/* Begin PBXFrameworksBuildPhase section */
		77F626E72F894F890037539B /* Frameworks */ = {
			isa = PBXFrameworksBuildPhase;
			buildActionMask = 2147483647;
			files = (
			);
			runOnlyForDeploymentPostprocessing = 0;
		};
		8F1000032F894F890037539B /* Frameworks */ = {
			isa = PBXFrameworksBuildPhase;
			buildActionMask = 2147483647;
			files = (
			);
			runOnlyForDeploymentPostprocessing = 0;
		};
		B100000F2F894F890037539B /* Frameworks */ = {
			isa = PBXFrameworksBuildPhase;
			buildActionMask = 2147483647;
			files = (
			);
			runOnlyForDeploymentPostprocessing = 0;
		};
/* End PBXFrameworksBuildPhase section */

/* Begin PBXGroup section */
		77F626E12F894F890037539B = {
			isa = PBXGroup;
			children = (
				77F626EC2F894F890037539B /* PhishGuard */,
				8F1000022F894F890037539B /* PhishGuardTests */,
				B100000B2F894F890037539B /* PhishGuardTextMessageFilterExtension */,
				A10000052F894F890037539B /* SLM Resources */,
				77F626EB2F894F890037539B /* Products */,
			);
			sourceTree = "<group>";
		};
		77F626EB2F894F890037539B /* Products */ = {
			isa = PBXGroup;
			children = (
				77F626EA2F894F890037539B /* PhishGuard.app */,
				8F1000012F894F890037539B /* PhishGuardTests.xctest */,
				B100000A2F894F890037539B /* PhishGuardTextMessageFilterExtension.appex */,
			);
			name = Products;
			sourceTree = "<group>";
		};
		A10000052F894F890037539B /* SLM Resources */ = {
			isa = PBXGroup;
			children = (
				A10000032F894F890037539B /* PhishGuard/Services/SLM/PhishingDetector.mlpackage */,
				A10000042F894F890037539B /* PhishGuard/Services/SLM/tokenizer.json */,
			);
			path = "SLM Resources";
			sourceTree = "<group>";
		};
/* End PBXGroup section */

/* Begin PBXNativeTarget section */
		77F626E92F894F890037539B /* PhishGuard */ = {
			isa = PBXNativeTarget;
			buildConfigurationList = 77F626F52F894F8A0037539B /* Build configuration list for PBXNativeTarget "PhishGuard" */;
			buildPhases = (
				77F626E62F894F890037539B /* Sources */,
				77F626E82F894F890037539B /* Resources */,
				77F626E72F894F890037539B /* Frameworks */,
				B10000132F894F890037539B /* Embed App Extensions */,
			);
			buildRules = (
			);
			dependencies = (
				B10000142F894F890037539B /* PBXTargetDependency */,
			);
			fileSystemSynchronizedGroups = (
				77F626EC2F894F890037539B /* PhishGuard */,
			);
			name = PhishGuard;
			packageProductDependencies = (
			);
			productName = PhishGuard;
			productReference = 77F626EA2F894F890037539B /* PhishGuard.app */;
			productType = "com.apple.product-type.application";
		};
		8F1000062F894F890037539B /* PhishGuardTests */ = {
			isa = PBXNativeTarget;
			buildConfigurationList = 8F10000B2F894F890037539B /* Build configuration list for PBXNativeTarget "PhishGuardTests" */;
			buildPhases = (
				8F1000052F894F890037539B /* Sources */,
				8F1000042F894F890037539B /* Resources */,
				8F1000032F894F890037539B /* Frameworks */,
			);
			buildRules = (
			);
			dependencies = (
				8F1000082F894F890037539B /* PBXTargetDependency */,
			);
			fileSystemSynchronizedGroups = (
				8F1000022F894F890037539B /* PhishGuardTests */,
			);
			name = PhishGuardTests;
			packageProductDependencies = (
			);
			productName = PhishGuardTests;
			productReference = 8F1000012F894F890037539B /* PhishGuardTests.xctest */;
			productType = "com.apple.product-type.bundle.unit-test";
		};
		B100000D2F894F890037539B /* PhishGuardTextMessageFilterExtension */ = {
			isa = PBXNativeTarget;
			buildConfigurationList = B10000102F894F890037539B /* Build configuration list for PBXNativeTarget "PhishGuardTextMessageFilterExtension" */;
			buildPhases = (
				B100000E2F894F890037539B /* Sources */,
				B10000152F894F890037539B /* Resources */,
				B100000F2F894F890037539B /* Frameworks */,
			);
			buildRules = (
			);
			dependencies = (
			);
			fileSystemSynchronizedGroups = (
				B100000B2F894F890037539B /* PhishGuardTextMessageFilterExtension */,
			);
			name = PhishGuardTextMessageFilterExtension;
			packageProductDependencies = (
			);
			productName = PhishGuardTextMessageFilterExtension;
			productReference = B100000A2F894F890037539B /* PhishGuardTextMessageFilterExtension.appex */;
			productType = "com.apple.product-type.app-extension";
		};
/* End PBXNativeTarget section */

/* Begin PBXProject section */
		77F626E22F894F890037539B /* Project object */ = {
			isa = PBXProject;
			attributes = {
				BuildIndependentTargetsInParallel = 1;
				LastSwiftUpdateCheck = 2640;
				LastUpgradeCheck = 2640;
				TargetAttributes = {
					77F626E92F894F890037539B = {
						CreatedOnToolsVersion = 26.4;
					};
					8F1000062F894F890037539B = {
						CreatedOnToolsVersion = 26.4;
						TestTargetID = 77F626E92F894F890037539B;
					};
					B100000D2F894F890037539B = {
						CreatedOnToolsVersion = 26.4;
					};
				};
			};
			buildConfigurationList = 77F626E52F894F890037539B /* Build configuration list for PBXProject "PhishGuard" */;
			developmentRegion = en;
			hasScannedForEncodings = 0;
			knownRegions = (
				en,
				Base,
			);
			mainGroup = 77F626E12F894F890037539B;
			minimizedProjectReferenceProxies = 1;
			packageReferences = (
			);
			preferredProjectObjectVersion = 77;
			productRefGroup = 77F626EB2F894F890037539B /* Products */;
			projectDirPath = "";
			projectRoot = "";
			targets = (
				77F626E92F894F890037539B /* PhishGuard */,
				8F1000062F894F890037539B /* PhishGuardTests */,
				B100000D2F894F890037539B /* PhishGuardTextMessageFilterExtension */,
			);
		};
/* End PBXProject section */

/* Begin PBXResourcesBuildPhase section */
		77F626E82F894F890037539B /* Resources */ = {
			isa = PBXResourcesBuildPhase;
			buildActionMask = 2147483647;
			files = (
			);
			runOnlyForDeploymentPostprocessing = 0;
		};
		8F1000042F894F890037539B /* Resources */ = {
			isa = PBXResourcesBuildPhase;
			buildActionMask = 2147483647;
			files = (
			);
			runOnlyForDeploymentPostprocessing = 0;
		};
		B10000152F894F890037539B /* Resources */ = {
			isa = PBXResourcesBuildPhase;
			buildActionMask = 2147483647;
			files = (
			);
			runOnlyForDeploymentPostprocessing = 0;
		};
/* End PBXResourcesBuildPhase section */

/* Begin PBXSourcesBuildPhase section */
		77F626E62F894F890037539B /* Sources */ = {
			isa = PBXSourcesBuildPhase;
			buildActionMask = 2147483647;
			files = (
			);
			runOnlyForDeploymentPostprocessing = 0;
		};
		8F1000052F894F890037539B /* Sources */ = {
			isa = PBXSourcesBuildPhase;
			buildActionMask = 2147483647;
			files = (
			);
			runOnlyForDeploymentPostprocessing = 0;
		};
		B100000E2F894F890037539B /* Sources */ = {
			isa = PBXSourcesBuildPhase;
			buildActionMask = 2147483647;
			files = (
			);
			runOnlyForDeploymentPostprocessing = 0;
		};
/* End PBXSourcesBuildPhase section */

/* Begin PBXTargetDependency section */
		8F1000082F894F890037539B /* PBXTargetDependency */ = {
			isa = PBXTargetDependency;
			target = 77F626E92F894F890037539B /* PhishGuard */;
			targetProxy = 8F1000072F894F890037539B /* PBXContainerItemProxy */;
		};
		B10000142F894F890037539B /* PBXTargetDependency */ = {
			isa = PBXTargetDependency;
			target = B100000D2F894F890037539B /* PhishGuardTextMessageFilterExtension */;
			targetProxy = B10000112F894F890037539B /* PBXContainerItemProxy */;
		};
/* End PBXTargetDependency section */

/* Begin XCBuildConfiguration section */
		77F626F32F894F8A0037539B /* Debug */ = {
			isa = XCBuildConfiguration;
			buildSettings = {
				ALWAYS_SEARCH_USER_PATHS = NO;
				ASSETCATALOG_COMPILER_GENERATE_SWIFT_ASSET_SYMBOL_EXTENSIONS = YES;
				CLANG_ANALYZER_NONNULL = YES;
				CLANG_ANALYZER_NUMBER_OBJECT_CONVERSION = YES_AGGRESSIVE;
				CLANG_CXX_LANGUAGE_STANDARD = "gnu++20";
				CLANG_ENABLE_MODULES = YES;
				CLANG_ENABLE_OBJC_ARC = YES;
				CLANG_ENABLE_OBJC_WEAK = YES;
				CLANG_WARN_BLOCK_CAPTURE_AUTORELEASING = YES;
				CLANG_WARN_BOOL_CONVERSION = YES;
				CLANG_WARN_COMMA = YES;
				CLANG_WARN_CONSTANT_CONVERSION = YES;
				CLANG_WARN_DEPRECATED_OBJC_IMPLEMENTATIONS = YES;
				CLANG_WARN_DIRECT_OBJC_ISA_USAGE = YES_ERROR;
				CLANG_WARN_DOCUMENTATION_COMMENTS = YES;
				CLANG_WARN_EMPTY_BODY = YES;
				CLANG_WARN_ENUM_CONVERSION = YES;
				CLANG_WARN_INFINITE_RECURSION = YES;
				CLANG_WARN_INT_CONVERSION = YES;
				CLANG_WARN_NON_LITERAL_NULL_CONVERSION = YES;
				CLANG_WARN_OBJC_IMPLICIT_RETAIN_SELF = YES;
				CLANG_WARN_OBJC_LITERAL_CONVERSION = YES;
				CLANG_WARN_OBJC_ROOT_CLASS = YES_ERROR;
				CLANG_WARN_QUOTED_INCLUDE_IN_FRAMEWORK_HEADER = YES;
				CLANG_WARN_RANGE_LOOP_ANALYSIS = YES;
				CLANG_WARN_STRICT_PROTOTYPES = YES;
				CLANG_WARN_SUSPICIOUS_MOVE = YES;
				CLANG_WARN_UNGUARDED_AVAILABILITY = YES_AGGRESSIVE;
				CLANG_WARN_UNREACHABLE_CODE = YES;
				CLANG_WARN__DUPLICATE_METHOD_MATCH = YES;
				COPY_PHASE_STRIP = NO;
				DEBUG_INFORMATION_FORMAT = dwarf;
				ENABLE_STRICT_OBJC_MSGSEND = YES;
				ENABLE_TESTABILITY = YES;
				ENABLE_USER_SCRIPT_SANDBOXING = YES;
				GCC_C_LANGUAGE_STANDARD = gnu17;
				GCC_DYNAMIC_NO_PIC = NO;
				GCC_NO_COMMON_BLOCKS = YES;
				GCC_OPTIMIZATION_LEVEL = 0;
				GCC_PREPROCESSOR_DEFINITIONS = (
					"DEBUG=1",
					"$(inherited)",
				);
				GCC_WARN_64_TO_32_BIT_CONVERSION = YES;
				GCC_WARN_ABOUT_RETURN_TYPE = YES_ERROR;
				GCC_WARN_UNDECLARED_SELECTOR = YES;
				GCC_WARN_UNINITIALIZED_AUTOS = YES_AGGRESSIVE;
				GCC_WARN_UNUSED_FUNCTION = YES;
				GCC_WARN_UNUSED_VARIABLE = YES;
				IPHONEOS_DEPLOYMENT_TARGET = 26.4;
				LOCALIZATION_PREFERS_STRING_CATALOGS = YES;
				MTL_ENABLE_DEBUG_INFO = INCLUDE_SOURCE;
				MTL_FAST_MATH = YES;
				ONLY_ACTIVE_ARCH = YES;
				SDKROOT = iphoneos;
				SWIFT_ACTIVE_COMPILATION_CONDITIONS = "DEBUG $(inherited)";
				SWIFT_OPTIMIZATION_LEVEL = "-Onone";
			};
			name = Debug;
		};
		77F626F42F894F8A0037539B /* Release */ = {
			isa = XCBuildConfiguration;
			buildSettings = {
				ALWAYS_SEARCH_USER_PATHS = NO;
				ASSETCATALOG_COMPILER_GENERATE_SWIFT_ASSET_SYMBOL_EXTENSIONS = YES;
				CLANG_ANALYZER_NONNULL = YES;
				CLANG_ANALYZER_NUMBER_OBJECT_CONVERSION = YES_AGGRESSIVE;
				CLANG_CXX_LANGUAGE_STANDARD = "gnu++20";
				CLANG_ENABLE_MODULES = YES;
				CLANG_ENABLE_OBJC_ARC = YES;
				CLANG_ENABLE_OBJC_WEAK = YES;
				CLANG_WARN_BLOCK_CAPTURE_AUTORELEASING = YES;
				CLANG_WARN_BOOL_CONVERSION = YES;
				CLANG_WARN_COMMA = YES;
				CLANG_WARN_CONSTANT_CONVERSION = YES;
				CLANG_WARN_DEPRECATED_OBJC_IMPLEMENTATIONS = YES;
				CLANG_WARN_DIRECT_OBJC_ISA_USAGE = YES_ERROR;
				CLANG_WARN_DOCUMENTATION_COMMENTS = YES;
				CLANG_WARN_EMPTY_BODY = YES;
				CLANG_WARN_ENUM_CONVERSION = YES;
				CLANG_WARN_INFINITE_RECURSION = YES;
				CLANG_WARN_INT_CONVERSION = YES;
				CLANG_WARN_NON_LITERAL_NULL_CONVERSION = YES;
				CLANG_WARN_OBJC_IMPLICIT_RETAIN_SELF = YES;
				CLANG_WARN_OBJC_LITERAL_CONVERSION = YES;
				CLANG_WARN_OBJC_ROOT_CLASS = YES_ERROR;
				CLANG_WARN_QUOTED_INCLUDE_IN_FRAMEWORK_HEADER = YES;
				CLANG_WARN_RANGE_LOOP_ANALYSIS = YES;
				CLANG_WARN_STRICT_PROTOTYPES = YES;
				CLANG_WARN_SUSPICIOUS_MOVE = YES;
				CLANG_WARN_UNGUARDED_AVAILABILITY = YES_AGGRESSIVE;
				CLANG_WARN_UNREACHABLE_CODE = YES;
				CLANG_WARN__DUPLICATE_METHOD_MATCH = YES;
				COPY_PHASE_STRIP = NO;
				DEBUG_INFORMATION_FORMAT = "dwarf-with-dsym";
				ENABLE_NS_ASSERTIONS = NO;
				ENABLE_STRICT_OBJC_MSGSEND = YES;
				ENABLE_USER_SCRIPT_SANDBOXING = YES;
				GCC_C_LANGUAGE_STANDARD = gnu17;
				GCC_NO_COMMON_BLOCKS = YES;
				GCC_WARN_64_TO_32_BIT_CONVERSION = YES;
				GCC_WARN_ABOUT_RETURN_TYPE = YES_ERROR;
				GCC_WARN_UNDECLARED_SELECTOR = YES;
				GCC_WARN_UNINITIALIZED_AUTOS = YES_AGGRESSIVE;
				GCC_WARN_UNUSED_FUNCTION = YES;
				GCC_WARN_UNUSED_VARIABLE = YES;
				IPHONEOS_DEPLOYMENT_TARGET = 26.4;
				LOCALIZATION_PREFERS_STRING_CATALOGS = YES;
				MTL_ENABLE_DEBUG_INFO = NO;
				MTL_FAST_MATH = YES;
				SDKROOT = iphoneos;
				SWIFT_COMPILATION_MODE = wholemodule;
				VALIDATE_PRODUCT = YES;
			};
			name = Release;
		};
		77F626F62F894F8A0037539B /* Debug */ = {
			isa = XCBuildConfiguration;
			buildSettings = {
				ASSETCATALOG_COMPILER_APPICON_NAME = AppIcon;
				ASSETCATALOG_COMPILER_GLOBAL_ACCENT_COLOR_NAME = AccentColor;
				CODE_SIGN_ENTITLEMENTS = PhishGuard/PhishGuard.entitlements;
				CODE_SIGN_STYLE = Automatic;
				CURRENT_PROJECT_VERSION = 1;
				DEVELOPMENT_TEAM = N9JJL89T26;
				ENABLE_PREVIEWS = YES;
				GENERATE_INFOPLIST_FILE = NO;
				INFOPLIST_FILE = Info.plist;
				INFOPLIST_KEY_UIApplicationSceneManifest_Generation = YES;
				INFOPLIST_KEY_UIApplicationSupportsIndirectInputEvents = YES;
				INFOPLIST_KEY_UILaunchScreen_Generation = YES;
				INFOPLIST_KEY_UISupportedInterfaceOrientations_iPad = "UIInterfaceOrientationPortrait UIInterfaceOrientationPortraitUpsideDown UIInterfaceOrientationLandscapeLeft UIInterfaceOrientationLandscapeRight";
				INFOPLIST_KEY_UISupportedInterfaceOrientations_iPhone = "UIInterfaceOrientationPortrait UIInterfaceOrientationLandscapeLeft UIInterfaceOrientationLandscapeRight";
				IPHONEOS_DEPLOYMENT_TARGET = 17.6;
				LD_RUNPATH_SEARCH_PATHS = (
					"$(inherited)",
					"@executable_path/Frameworks",
				);
				MARKETING_VERSION = 1.0;
				PRODUCT_BUNDLE_IDENTIFIER = com.juntang.phishguard2026;
				PRODUCT_NAME = "$(TARGET_NAME)";
				STRING_CATALOG_GENERATE_SYMBOLS = YES;
				SWIFT_APPROACHABLE_CONCURRENCY = YES;
				SWIFT_DEFAULT_ACTOR_ISOLATION = MainActor;
				SWIFT_EMIT_LOC_STRINGS = YES;
				SWIFT_UPCOMING_FEATURE_MEMBER_IMPORT_VISIBILITY = YES;
				SWIFT_VERSION = 5.0;
				TARGETED_DEVICE_FAMILY = "1,2";
			};
			name = Debug;
		};
		77F626F72F894F8A0037539B /* Release */ = {
			isa = XCBuildConfiguration;
			buildSettings = {
				ASSETCATALOG_COMPILER_APPICON_NAME = AppIcon;
				ASSETCATALOG_COMPILER_GLOBAL_ACCENT_COLOR_NAME = AccentColor;
				CODE_SIGN_ENTITLEMENTS = PhishGuard/PhishGuard.entitlements;
				CODE_SIGN_STYLE = Automatic;
				CURRENT_PROJECT_VERSION = 1;
				DEVELOPMENT_TEAM = N9JJL89T26;
				ENABLE_PREVIEWS = YES;
				GENERATE_INFOPLIST_FILE = NO;
				INFOPLIST_FILE = Info.plist;
				INFOPLIST_KEY_UIApplicationSceneManifest_Generation = YES;
				INFOPLIST_KEY_UIApplicationSupportsIndirectInputEvents = YES;
				INFOPLIST_KEY_UILaunchScreen_Generation = YES;
				INFOPLIST_KEY_UISupportedInterfaceOrientations_iPad = "UIInterfaceOrientationPortrait UIInterfaceOrientationPortraitUpsideDown UIInterfaceOrientationLandscapeLeft UIInterfaceOrientationLandscapeRight";
				INFOPLIST_KEY_UISupportedInterfaceOrientations_iPhone = "UIInterfaceOrientationPortrait UIInterfaceOrientationLandscapeLeft UIInterfaceOrientationLandscapeRight";
				IPHONEOS_DEPLOYMENT_TARGET = 17.6;
				LD_RUNPATH_SEARCH_PATHS = (
					"$(inherited)",
					"@executable_path/Frameworks",
				);
				MARKETING_VERSION = 1.0;
				PRODUCT_BUNDLE_IDENTIFIER = com.juntang.phishguard2026;
				PRODUCT_NAME = "$(TARGET_NAME)";
				STRING_CATALOG_GENERATE_SYMBOLS = YES;
				SWIFT_APPROACHABLE_CONCURRENCY = YES;
				SWIFT_DEFAULT_ACTOR_ISOLATION = MainActor;
				SWIFT_EMIT_LOC_STRINGS = YES;
				SWIFT_UPCOMING_FEATURE_MEMBER_IMPORT_VISIBILITY = YES;
				SWIFT_VERSION = 5.0;
				TARGETED_DEVICE_FAMILY = "1,2";
			};
			name = Release;
		};
		8F1000092F894F890037539B /* Debug */ = {
			isa = XCBuildConfiguration;
			buildSettings = {
				BUNDLE_LOADER = "$(TEST_HOST)";
				CODE_SIGN_STYLE = Automatic;
				CURRENT_PROJECT_VERSION = 1;
				GENERATE_INFOPLIST_FILE = YES;
				IPHONEOS_DEPLOYMENT_TARGET = 17.6;
				LD_RUNPATH_SEARCH_PATHS = (
					"$(inherited)",
					"@executable_path/Frameworks",
					"@loader_path/Frameworks",
				);
				MARKETING_VERSION = 1.0;
				PRODUCT_BUNDLE_IDENTIFIER = "com.cs1-3.PhishGuardTests";
				PRODUCT_NAME = "$(TARGET_NAME)";
				STRING_CATALOG_GENERATE_SYMBOLS = YES;
				SWIFT_ACTIVE_COMPILATION_CONDITIONS = "DEBUG $(inherited)";
				SWIFT_EMIT_LOC_STRINGS = NO;
				SWIFT_VERSION = 5.0;
				TARGETED_DEVICE_FAMILY = "1,2";
				TEST_HOST = "$(BUILT_PRODUCTS_DIR)/PhishGuard.app/$(BUNDLE_EXECUTABLE_FOLDER_PATH)/PhishGuard";
				TEST_TARGET_NAME = PhishGuard;
			};
			name = Debug;
		};
		8F10000A2F894F890037539B /* Release */ = {
			isa = XCBuildConfiguration;
			buildSettings = {
				BUNDLE_LOADER = "$(TEST_HOST)";
				CODE_SIGN_STYLE = Automatic;
				CURRENT_PROJECT_VERSION = 1;
				GENERATE_INFOPLIST_FILE = YES;
				IPHONEOS_DEPLOYMENT_TARGET = 17.6;
				LD_RUNPATH_SEARCH_PATHS = (
					"$(inherited)",
					"@executable_path/Frameworks",
					"@loader_path/Frameworks",
				);
				MARKETING_VERSION = 1.0;
				PRODUCT_BUNDLE_IDENTIFIER = "com.cs1-3.PhishGuardTests";
				PRODUCT_NAME = "$(TARGET_NAME)";
				STRING_CATALOG_GENERATE_SYMBOLS = YES;
				SWIFT_EMIT_LOC_STRINGS = NO;
				SWIFT_VERSION = 5.0;
				TARGETED_DEVICE_FAMILY = "1,2";
				TEST_HOST = "$(BUILT_PRODUCTS_DIR)/PhishGuard.app/$(BUNDLE_EXECUTABLE_FOLDER_PATH)/PhishGuard";
				TEST_TARGET_NAME = PhishGuard;
			};
			name = Release;
		};
		B10000162F894F890037539B /* Debug */ = {
			isa = XCBuildConfiguration;
			buildSettings = {
				APPLICATION_EXTENSION_API_ONLY = YES;
				CODE_SIGN_ENTITLEMENTS = PhishGuardTextMessageFilterExtension/PhishGuardTextMessageFilterExtension.entitlements;
				CODE_SIGN_STYLE = Automatic;
				CURRENT_PROJECT_VERSION = 1;
				DEVELOPMENT_TEAM = N9JJL89T26;
				GENERATE_INFOPLIST_FILE = NO;
				INFOPLIST_FILE = "PhishGuardTextMessageFilterExtension-Info.plist";
				IPHONEOS_DEPLOYMENT_TARGET = 17.6;
				LD_RUNPATH_SEARCH_PATHS = (
					"$(inherited)",
					"@executable_path/Frameworks",
					"@executable_path/../../Frameworks",
				);
				MARKETING_VERSION = 1.0;
				PRODUCT_BUNDLE_IDENTIFIER = com.juntang.phishguard2026.PhishGuardTextMessageFilterExtension;
				PRODUCT_NAME = "$(TARGET_NAME)";
				SKIP_INSTALL = YES;
				STRING_CATALOG_GENERATE_SYMBOLS = YES;
				SWIFT_EMIT_LOC_STRINGS = YES;
				SWIFT_VERSION = 5.0;
				TARGETED_DEVICE_FAMILY = "1,2";
			};
			name = Debug;
		};
		B10000172F894F890037539B /* Release */ = {
			isa = XCBuildConfiguration;
			buildSettings = {
				APPLICATION_EXTENSION_API_ONLY = YES;
				CODE_SIGN_ENTITLEMENTS = PhishGuardTextMessageFilterExtension/PhishGuardTextMessageFilterExtension.entitlements;
				CODE_SIGN_STYLE = Automatic;
				CURRENT_PROJECT_VERSION = 1;
				DEVELOPMENT_TEAM = N9JJL89T26;
				GENERATE_INFOPLIST_FILE = NO;
				INFOPLIST_FILE = "PhishGuardTextMessageFilterExtension-Info.plist";
				IPHONEOS_DEPLOYMENT_TARGET = 17.6;
				LD_RUNPATH_SEARCH_PATHS = (
					"$(inherited)",
					"@executable_path/Frameworks",
					"@executable_path/../../Frameworks",
				);
				MARKETING_VERSION = 1.0;
				PRODUCT_BUNDLE_IDENTIFIER = com.juntang.phishguard2026.PhishGuardTextMessageFilterExtension;
				PRODUCT_NAME = "$(TARGET_NAME)";
				SKIP_INSTALL = YES;
				STRING_CATALOG_GENERATE_SYMBOLS = YES;
				SWIFT_EMIT_LOC_STRINGS = YES;
				SWIFT_VERSION = 5.0;
				TARGETED_DEVICE_FAMILY = "1,2";
			};
			name = Release;
		};
/* End XCBuildConfiguration section */

/* Begin XCConfigurationList section */
		77F626E52F894F890037539B /* Build configuration list for PBXProject "PhishGuard" */ = {
			isa = XCConfigurationList;
			buildConfigurations = (
				77F626F32F894F8A0037539B /* Debug */,
				77F626F42F894F8A0037539B /* Release */,
			);
			defaultConfigurationIsVisible = 0;
			defaultConfigurationName = Release;
		};
		77F626F52F894F8A0037539B /* Build configuration list for PBXNativeTarget "PhishGuard" */ = {
			isa = XCConfigurationList;
			buildConfigurations = (
				77F626F62F894F8A0037539B /* Debug */,
				77F626F72F894F8A0037539B /* Release */,
			);
			defaultConfigurationIsVisible = 0;
			defaultConfigurationName = Release;
		};
		8F10000B2F894F890037539B /* Build configuration list for PBXNativeTarget "PhishGuardTests" */ = {
			isa = XCConfigurationList;
			buildConfigurations = (
				8F1000092F894F890037539B /* Debug */,
				8F10000A2F894F890037539B /* Release */,
			);
			defaultConfigurationIsVisible = 0;
			defaultConfigurationName = Release;
		};
		B10000102F894F890037539B /* Build configuration list for PBXNativeTarget "PhishGuardTextMessageFilterExtension" */ = {
			isa = XCConfigurationList;
			buildConfigurations = (
				B10000162F894F890037539B /* Debug */,
				B10000172F894F890037539B /* Release */,
			);
			defaultConfigurationIsVisible = 0;
			defaultConfigurationName = Release;
		};
/* End XCConfigurationList section */
	};
	rootObject = 77F626E22F894F890037539B /* Project object */;
}
